
Microsoft Visual Studio Solution File, Format Version 12.00
# Visual Studio 14
VisualStudioVersion = 14.0.24720.0
MinimumVisualStudioVersion = 10.0.40219.1
Project("{FAE04EC0-301F-11D3-BF4B-00C04F79EFBC}") = "testmvvp", "testmvvp\testmvvp.csproj", "{FC8545EE-A6E9-4486-B641-ED18F933C60D}"
EndProject
Global
	GlobalSection(SolutionConfigurationPlatforms) = preSolution
		Debug|ARM = Debug|ARM
		Debug|x64 = Debug|x64
		Debug|x86 = Debug|x86
		Release|ARM = Release|ARM
		Release|x64 = Release|x64
		Release|x86 = Release|x86
	EndGlobalSection
	GlobalSection(ProjectConfigurationPlatforms) = postSolution
		{FC8545EE-A6E9-4486-B641-ED18F933C60D}.Debug|ARM.ActiveCfg = Debug|ARM
		{FC8545EE-A6E9-4486-B641-ED18F933C60D}.Debug|ARM.Build.0 = Debug|ARM
		{FC8545EE-A6E9-4486-B641-ED18F933C60D}.Debug|ARM.Deploy.0 = Debug|ARM
		{FC8545EE-A6E9-4486-B641-ED18F933C60D}.Debug|x64.ActiveCfg = Debug|x64
		{FC8545EE-A6E9-4486-B641-ED18F933C60D}.Debug|x64.Build.0 = Debug|x64
		{FC8545EE-A6E9-4486-B641-ED18F933C60D}.Debug|x64.Deploy.0 = Debug|x64
		{FC8545EE-A6E9-4486-B641-ED18F933C60D}.Debug|x86.ActiveCfg = Debug|x86
		{FC8545EE-A6E9-4486-B641-ED18F933C60D}.Debug|x86.Build.0 = Debug|x86
		{FC8545EE-A6E9-4486-B641-ED18F933C60D}.Debug|x86.Deploy.0 = Debug|x86
		{FC8545EE-A6E9-4486-B641-ED18F933C60D}.Release|ARM.ActiveCfg = Release|ARM
		{FC8545EE-A6E9-4486-B641-ED18F933C60D}.Release|ARM.Build.0 = Release|ARM
		{FC8545EE-A6E9-4486-B641-ED18F933C60D}.Release|ARM.Deploy.0 = Release|ARM
		{FC8545EE-A6E9-4486-B641-ED18F933C60D}.Release|x64.ActiveCfg = Release|x64
		{FC8545EE-A6E9-4486-B641-ED18F933C60D}.Release|x64.Build.0 = Release|x64
		{FC8545EE-A6E9-4486-B641-ED18F933C60D}.Release|x64.Deploy.0 = Release|x64
		{FC8545EE-A6E9-4486-B641-ED18F933C60D}.Release|x86.ActiveCfg = Release|x86
		{FC8545EE-A6E9-4486-B641-ED18F933C60D}.Release|x86.Build.0 = Release|x86
		{FC8545EE-A6E9-4486-B641-ED18F933C60D}.Release|x86.Deploy.0 = Release|x86
	EndGlobalSection
	GlobalSection(SolutionProperties) = preSolution
		HideSolutionNode = FALSE
	EndGlobalSection
EndGlobal
